// !$*UTF8*$!
{
	archiveVersion = 1;
	classes = {
	};
	objectVersion = 46;
	objects = {

/* Begin PBXBuildFile section */
		41BC39F6110C28F7B7D9240C /* Pods_PocketPortfolio.framework in Frameworks */ = {isa = PBXBuildFile; fileRef = CED1B7FA03660F556F063ED1 /* Pods_PocketPortfolio.framework */; };
		4B0D82521C08A0C00028C822 /* ClosedPositionView.swift in Sources */ = {isa = PBXBuildFile; fileRef = 4B0D82511C08A0C00028C822 /* ClosedPositionView.swift */; };
		4B0D82541C08A0D60028C822 /* ClosedPositionView.xib in Resources */ = {isa = PBXBuildFile; fileRef = 4B0D82531C08A0D60028C822 /* ClosedPositionView.xib */; };
		4B1E0F881F584D0700C79366 /* ChartMarker.swift in Sources */ = {isa = PBXBuildFile; fileRef = 4B1E0F871F584D0700C79366 /* ChartMarker.swift */; };
		4B3F69101F97878C0018D0DF /* TradableAPI.framework in Frameworks */ = {isa = PBXBuildFile; fileRef = 4B3F690F1F9787830018D0DF /* TradableAPI.framework */; };
		4B3F69111F97878C0018D0DF /* TradableAPI.framework in Embed Frameworks */ = {isa = PBXBuildFile; fileRef = 4B3F690F1F9787830018D0DF /* TradableAPI.framework */; settings = {ATTRIBUTES = (CodeSignOnCopy, RemoveHeadersOnCopy, ); }; };
		4B785E1E1F5D57E600BB92D2 /* ChartMarker.xib in Resources */ = {isa = PBXBuildFile; fileRef = 4B785E1D1F5D57E600BB92D2 /* ChartMarker.xib */; };
		4BB803391E72E9B900F87F1F /* AggregationViewController.swift in Sources */ = {isa = PBXBuildFile; fileRef = 4BB803381E72E9B900F87F1F /* AggregationViewController.swift */; };
		4BDBA0231BC65531006719C0 /* AccountCell.swift in Sources */ = {isa = PBXBuildFile; fileRef = 4BDBA0221BC65531006719C0 /* AccountCell.swift */; };
		4BDBA02E1BC68838006719C0 /* PositionView.swift in Sources */ = {isa = PBXBuildFile; fileRef = 4BDBA02D1BC68838006719C0 /* PositionView.swift */; };
		4BDBA0301BC695A7006719C0 /* PortfolioView.swift in Sources */ = {isa = PBXBuildFile; fileRef = 4BDBA02F1BC695A7006719C0 /* PortfolioView.swift */; };
		4BDBA0321BC69804006719C0 /* OrderView.swift in Sources */ = {isa = PBXBuildFile; fileRef = 4BDBA0311BC69804006719C0 /* OrderView.swift */; };
		4BDC40AE1BC2C2D400B928FA /* AppDelegate.swift in Sources */ = {isa = PBXBuildFile; fileRef = 4BDC40AD1BC2C2D400B928FA /* AppDelegate.swift */; };
		4BDC40B01BC2C2D400B928FA /* WatchlistViewController.swift in Sources */ = {isa = PBXBuildFile; fileRef = 4BDC40AF1BC2C2D400B928FA /* WatchlistViewController.swift */; };
		4BDC40B21BC2C2D400B928FA /* PortfolioViewController.swift in Sources */ = {isa = PBXBuildFile; fileRef = 4BDC40B11BC2C2D400B928FA /* PortfolioViewController.swift */; };
		4BDC40B51BC2C2D400B928FA /* Main.storyboard in Resources */ = {isa = PBXBuildFile; fileRef = 4BDC40B31BC2C2D400B928FA /* Main.storyboard */; };
		4BDC40B71BC2C2D400B928FA /* Assets.xcassets in Resources */ = {isa = PBXBuildFile; fileRef = 4BDC40B61BC2C2D400B928FA /* Assets.xcassets */; };
		4BDC40BA1BC2C2D400B928FA /* LaunchScreen.storyboard in Resources */ = {isa = PBXBuildFile; fileRef = 4BDC40B81BC2C2D400B928FA /* LaunchScreen.storyboard */; };
		4BDD4D351BCE3E6000119C03 /* AccountNavController.swift in Sources */ = {isa = PBXBuildFile; fileRef = 4BDD4D341BCE3E6000119C03 /* AccountNavController.swift */; };
		4BDD4D391BCE587D00119C03 /* PositionView.xib in Resources */ = {isa = PBXBuildFile; fileRef = 4BDD4D381BCE587D00119C03 /* PositionView.xib */; };
		4BDD4D3F1BCE9B1100119C03 /* OrderView.xib in Resources */ = {isa = PBXBuildFile; fileRef = 4BDD4D3E1BCE9B1100119C03 /* OrderView.xib */; };
		4BDE6F6D1BC5138F001BB342 /* ViewController.swift in Sources */ = {isa = PBXBuildFile; fileRef = 4BDE6F6C1BC5138F001BB342 /* ViewController.swift */; };
		4BDE6FE31BC54924001BB342 /* AccountSelector.swift in Sources */ = {isa = PBXBuildFile; fileRef = 4BDE6FE21BC54924001BB342 /* AccountSelector.swift */; };
		4BE060881BC3C9E800D06D40 /* TradeViewController.swift in Sources */ = {isa = PBXBuildFile; fileRef = 4BE060871BC3C9E800D06D40 /* TradeViewController.swift */; };
		4BE0608A1BC3CC1D00D06D40 /* HistoryViewController.swift in Sources */ = {isa = PBXBuildFile; fileRef = 4BE060891BC3CC1D00D06D40 /* HistoryViewController.swift */; };
		4BE0608C1BC3CC2900D06D40 /* AccountViewController.swift in Sources */ = {isa = PBXBuildFile; fileRef = 4BE0608B1BC3CC2900D06D40 /* AccountViewController.swift */; };
		4BE0608E1BC3CF5B00D06D40 /* TabBarController.swift in Sources */ = {isa = PBXBuildFile; fileRef = 4BE0608D1BC3CF5B00D06D40 /* TabBarController.swift */; };
		4BE060901BC3D71D00D06D40 /* Extensions.swift in Sources */ = {isa = PBXBuildFile; fileRef = 4BE0608F1BC3D71D00D06D40 /* Extensions.swift */; };
		4BE060921BC3FA7700D06D40 /* WatchlistCell.swift in Sources */ = {isa = PBXBuildFile; fileRef = 4BE060911BC3FA7700D06D40 /* WatchlistCell.swift */; };
		4BE08DB01BC7C70500CCF61B /* WatchlistNavController.swift in Sources */ = {isa = PBXBuildFile; fileRef = 4BE08DAF1BC7C70500CCF61B /* WatchlistNavController.swift */; };
		4BE0DF1B1BD122D200E85E79 /* HistoryNavController.swift in Sources */ = {isa = PBXBuildFile; fileRef = 4BE0DF1A1BD122D200E85E79 /* HistoryNavController.swift */; };
		4BE131B91BCD10A200417DCD /* PortfolioNavController.swift in Sources */ = {isa = PBXBuildFile; fileRef = 4BE131B81BCD10A200417DCD /* PortfolioNavController.swift */; };
		4BE131BB1BCD513200417DCD /* Roboto-Regular.ttf in Resources */ = {isa = PBXBuildFile; fileRef = 4BE131BA1BCD513200417DCD /* Roboto-Regular.ttf */; };
		4BEACF651BCFB41F00C67A1B /* PortfolioViewDelegate.swift in Sources */ = {isa = PBXBuildFile; fileRef = 4BEACF641BCFB41F00C67A1B /* PortfolioViewDelegate.swift */; };
/* End PBXBuildFile section */

/* Begin PBXCopyFilesBuildPhase section */
		4BDFDE8B1BFCB5D4003A82DD /* Embed Frameworks */ = {
			isa = PBXCopyFilesBuildPhase;
			buildActionMask = 2147483647;
			dstPath = "";
			dstSubfolderSpec = 10;
			files = (
				4B3F69111F97878C0018D0DF /* TradableAPI.framework in Embed Frameworks */,
			);
			name = "Embed Frameworks";
			runOnlyForDeploymentPostprocessing = 0;
		};
/* End PBXCopyFilesBuildPhase section */

/* Begin PBXFileReference section */
		4B0D82511C08A0C00028C822 /* ClosedPositionView.swift */ = {isa = PBXFileReference; fileEncoding = 4; lastKnownFileType = sourcecode.swift; path = ClosedPositionView.swift; sourceTree = "<group>"; };
		4B0D82531C08A0D60028C822 /* ClosedPositionView.xib */ = {isa = PBXFileReference; fileEncoding = 4; lastKnownFileType = file.xib; path = ClosedPositionView.xib; sourceTree = "<group>"; };
		4B1E0F871F584D0700C79366 /* ChartMarker.swift */ = {isa = PBXFileReference; fileEncoding = 4; lastKnownFileType = sourcecode.swift; path = ChartMarker.swift; sourceTree = "<group>"; };
		4B3F690F1F9787830018D0DF /* TradableAPI.framework */ = {isa = PBXFileReference; lastKnownFileType = wrapper.framework; name = TradableAPI.framework; path = Frameworks/TradableAPI.framework; sourceTree = "<group>"; };
		4B785E1D1F5D57E600BB92D2 /* ChartMarker.xib */ = {isa = PBXFileReference; fileEncoding = 4; lastKnownFileType = file.xib; path = ChartMarker.xib; sourceTree = "<group>"; };
		4BB803381E72E9B900F87F1F /* AggregationViewController.swift */ = {isa = PBXFileReference; fileEncoding = 4; lastKnownFileType = sourcecode.swift; path = AggregationViewController.swift; sourceTree = "<group>"; };
		4BDBA0221BC65531006719C0 /* AccountCell.swift */ = {isa = PBXFileReference; fileEncoding = 4; lastKnownFileType = sourcecode.swift; path = AccountCell.swift; sourceTree = "<group>"; };
		4BDBA02D1BC68838006719C0 /* PositionView.swift */ = {isa = PBXFileReference; fileEncoding = 4; lastKnownFileType = sourcecode.swift; path = PositionView.swift; sourceTree = "<group>"; };
		4BDBA02F1BC695A7006719C0 /* PortfolioView.swift */ = {isa = PBXFileReference; fileEncoding = 4; lastKnownFileType = sourcecode.swift; path = PortfolioView.swift; sourceTree = "<group>"; };
		4BDBA0311BC69804006719C0 /* OrderView.swift */ = {isa = PBXFileReference; fileEncoding = 4; lastKnownFileType = sourcecode.swift; path = OrderView.swift; sourceTree = "<group>"; };
		4BDC40AD1BC2C2D400B928FA /* AppDelegate.swift */ = {isa = PBXFileReference; lastKnownFileType = sourcecode.swift; path = AppDelegate.swift; sourceTree = "<group>"; };
		4BDC40AF1BC2C2D400B928FA /* WatchlistViewController.swift */ = {isa = PBXFileReference; lastKnownFileType = sourcecode.swift; path = WatchlistViewController.swift; sourceTree = "<group>"; };
		4BDC40B11BC2C2D400B928FA /* PortfolioViewController.swift */ = {isa = PBXFileReference; lastKnownFileType = sourcecode.swift; path = PortfolioViewController.swift; sourceTree = "<group>"; };
		4BDC40B41BC2C2D400B928FA /* Base */ = {isa = PBXFileReference; lastKnownFileType = file.storyboard; name = Base; path = Base.lproj/Main.storyboard; sourceTree = "<group>"; };
		4BDC40B61BC2C2D400B928FA /* Assets.xcassets */ = {isa = PBXFileReference; lastKnownFileType = folder.assetcatalog; path = Assets.xcassets; sourceTree = "<group>"; };
		4BDC40B91BC2C2D400B928FA /* Base */ = {isa = PBXFileReference; lastKnownFileType = file.storyboard; name = Base; path = Base.lproj/LaunchScreen.storyboard; sourceTree = "<group>"; };
		4BDC40BB1BC2C2D400B928FA /* Info.plist */ = {isa = PBXFileReference; lastKnownFileType = text.plist.xml; path = Info.plist; sourceTree = "<group>"; };
		4BDD4D341BCE3E6000119C03 /* AccountNavController.swift */ = {isa = PBXFileReference; fileEncoding = 4; lastKnownFileType = sourcecode.swift; path = AccountNavController.swift; sourceTree = "<group>"; };
		4BDD4D381BCE587D00119C03 /* PositionView.xib */ = {isa = PBXFileReference; fileEncoding = 4; lastKnownFileType = file.xib; path = PositionView.xib; sourceTree = "<group>"; };
		4BDD4D3E1BCE9B1100119C03 /* OrderView.xib */ = {isa = PBXFileReference; fileEncoding = 4; lastKnownFileType = file.xib; path = OrderView.xib; sourceTree = "<group>"; };
		4BDE6F6C1BC5138F001BB342 /* ViewController.swift */ = {isa = PBXFileReference; fileEncoding = 4; lastKnownFileType = sourcecode.swift; path = ViewController.swift; sourceTree = "<group>"; };
		4BDE6FE21BC54924001BB342 /* AccountSelector.swift */ = {isa = PBXFileReference; fileEncoding = 4; lastKnownFileType = sourcecode.swift; path = AccountSelector.swift; sourceTree = "<group>"; };
		4BDF84701C2AA91200802CFD /* PocketPortfolio.app */ = {isa = PBXFileReference; explicitFileType = wrapper.application; includeInIndex = 0; path = PocketPortfolio.app; sourceTree = BUILT_PRODUCTS_DIR; };
		4BE060871BC3C9E800D06D40 /* TradeViewController.swift */ = {isa = PBXFileReference; fileEncoding = 4; lastKnownFileType = sourcecode.swift; path = TradeViewController.swift; sourceTree = "<group>"; };
		4BE060891BC3CC1D00D06D40 /* HistoryViewController.swift */ = {isa = PBXFileReference; fileEncoding = 4; lastKnownFileType = sourcecode.swift; path = HistoryViewController.swift; sourceTree = "<group>"; };
		4BE0608B1BC3CC2900D06D40 /* AccountViewController.swift */ = {isa = PBXFileReference; fileEncoding = 4; lastKnownFileType = sourcecode.swift; path = AccountViewController.swift; sourceTree = "<group>"; };
		4BE0608D1BC3CF5B00D06D40 /* TabBarController.swift */ = {isa = PBXFileReference; fileEncoding = 4; lastKnownFileType = sourcecode.swift; path = TabBarController.swift; sourceTree = "<group>"; };
		4BE0608F1BC3D71D00D06D40 /* Extensions.swift */ = {isa = PBXFileReference; fileEncoding = 4; lastKnownFileType = sourcecode.swift; path = Extensions.swift; sourceTree = "<group>"; };
		4BE060911BC3FA7700D06D40 /* WatchlistCell.swift */ = {isa = PBXFileReference; fileEncoding = 4; lastKnownFileType = sourcecode.swift; path = WatchlistCell.swift; sourceTree = "<group>"; };
		4BE08DAF1BC7C70500CCF61B /* WatchlistNavController.swift */ = {isa = PBXFileReference; fileEncoding = 4; lastKnownFileType = sourcecode.swift; path = WatchlistNavController.swift; sourceTree = "<group>"; };
		4BE0DF1A1BD122D200E85E79 /* HistoryNavController.swift */ = {isa = PBXFileReference; fileEncoding = 4; lastKnownFileType = sourcecode.swift; path = HistoryNavController.swift; sourceTree = "<group>"; };
		4BE131B81BCD10A200417DCD /* PortfolioNavController.swift */ = {isa = PBXFileReference; fileEncoding = 4; lastKnownFileType = sourcecode.swift; path = PortfolioNavController.swift; sourceTree = "<group>"; };
		4BE131BA1BCD513200417DCD /* Roboto-Regular.ttf */ = {isa = PBXFileReference; lastKnownFileType = file; name = "Roboto-Regular.ttf"; path = "PocketPortfolio/Assets.xcassets/Roboto-Regular.ttf"; sourceTree = "<group>"; };
		4BEACF641BCFB41F00C67A1B /* PortfolioViewDelegate.swift */ = {isa = PBXFileReference; fileEncoding = 4; lastKnownFileType = sourcecode.swift; path = PortfolioViewDelegate.swift; sourceTree = "<group>"; };
		B0CB709B3B4E4B384FB08571 /* Pods-PocketPortfolio.debug.xcconfig */ = {isa = PBXFileReference; includeInIndex = 1; lastKnownFileType = text.xcconfig; name = "Pods-PocketPortfolio.debug.xcconfig"; path = "Pods/Target Support Files/Pods-PocketPortfolio/Pods-PocketPortfolio.debug.xcconfig"; sourceTree = "<group>"; };
		C6505404D69DA410749054DB /* Pods-PocketPortfolio.release.xcconfig */ = {isa = PBXFileReference; includeInIndex = 1; lastKnownFileType = text.xcconfig; name = "Pods-PocketPortfolio.release.xcconfig"; path = "Pods/Target Support Files/Pods-PocketPortfolio/Pods-PocketPortfolio.release.xcconfig"; sourceTree = "<group>"; };
		CED1B7FA03660F556F063ED1 /* Pods_PocketPortfolio.framework */ = {isa = PBXFileReference; explicitFileType = wrapper.framework; includeInIndex = 0; path = Pods_PocketPortfolio.framework; sourceTree = BUILT_PRODUCTS_DIR; };
/* End PBXFileReference section */

/* Begin PBXFrameworksBuildPhase section */
		4BDC40A71BC2C2D400B928FA /* Frameworks */ = {
			isa = PBXFrameworksBuildPhase;
			buildActionMask = 2147483647;
			files = (
				4B3F69101F97878C0018D0DF /* TradableAPI.framework in Frameworks */,
				41BC39F6110C28F7B7D9240C /* Pods_PocketPortfolio.framework in Frameworks */,
			);
			runOnlyForDeploymentPostprocessing = 0;
		};
/* End PBXFrameworksBuildPhase section */

/* Begin PBXGroup section */
		4BDC40A11BC2C2D400B928FA = {
			isa = PBXGroup;
			children = (
				4BDF846F1C2AA58D00802CFD /* Frameworks */,
				4BE131BC1BCD513E00417DCD /* Resources */,
				4BDC40AC1BC2C2D400B928FA /* PocketPortfolio */,
				CD290B20CEA63BC09AA3D3A2 /* Pods */,
			);
			sourceTree = "<group>";
		};
		4BDC40AC1BC2C2D400B928FA /* PocketPortfolio */ = {
			isa = PBXGroup;
			children = (
				4BDC40BB1BC2C2D400B928FA /* Info.plist */,
				4BDBA0221BC65531006719C0 /* AccountCell.swift */,
				4BDD4D341BCE3E6000119C03 /* AccountNavController.swift */,
				4BDE6FE21BC54924001BB342 /* AccountSelector.swift */,
				4BE0608B1BC3CC2900D06D40 /* AccountViewController.swift */,
				4BB803381E72E9B900F87F1F /* AggregationViewController.swift */,
				4BDC40AD1BC2C2D400B928FA /* AppDelegate.swift */,
				4B1E0F871F584D0700C79366 /* ChartMarker.swift */,
				4B0D82511C08A0C00028C822 /* ClosedPositionView.swift */,
				4BE0608F1BC3D71D00D06D40 /* Extensions.swift */,
				4BE0DF1A1BD122D200E85E79 /* HistoryNavController.swift */,
				4BE060891BC3CC1D00D06D40 /* HistoryViewController.swift */,
				4BDBA0311BC69804006719C0 /* OrderView.swift */,
				4BE131B81BCD10A200417DCD /* PortfolioNavController.swift */,
				4BDBA02F1BC695A7006719C0 /* PortfolioView.swift */,
				4BDC40B11BC2C2D400B928FA /* PortfolioViewController.swift */,
				4BEACF641BCFB41F00C67A1B /* PortfolioViewDelegate.swift */,
				4BDBA02D1BC68838006719C0 /* PositionView.swift */,
				4BE0608D1BC3CF5B00D06D40 /* TabBarController.swift */,
				4BE060871BC3C9E800D06D40 /* TradeViewController.swift */,
				4BDE6F6C1BC5138F001BB342 /* ViewController.swift */,
				4BE060911BC3FA7700D06D40 /* WatchlistCell.swift */,
				4BE08DAF1BC7C70500CCF61B /* WatchlistNavController.swift */,
				4BDC40AF1BC2C2D400B928FA /* WatchlistViewController.swift */,
				4BDC40B61BC2C2D400B928FA /* Assets.xcassets */,
				4B785E1D1F5D57E600BB92D2 /* ChartMarker.xib */,
				4B0D82531C08A0D60028C822 /* ClosedPositionView.xib */,
				4BDD4D3E1BCE9B1100119C03 /* OrderView.xib */,
				4BDD4D381BCE587D00119C03 /* PositionView.xib */,
				4BDC40B81BC2C2D400B928FA /* LaunchScreen.storyboard */,
				4BDC40B31BC2C2D400B928FA /* Main.storyboard */,
				4BDF84721C2AA92400802CFD /* Products */,
			);
			path = PocketPortfolio;
			sourceTree = "<group>";
		};
		4BDF846F1C2AA58D00802CFD /* Frameworks */ = {
			isa = PBXGroup;
			children = (
				4B3F690F1F9787830018D0DF /* TradableAPI.framework */,
				CED1B7FA03660F556F063ED1 /* Pods_PocketPortfolio.framework */,
			);
			name = Frameworks;
			sourceTree = "<group>";
		};
		4BDF84721C2AA92400802CFD /* Products */ = {
			isa = PBXGroup;
			children = (
				4BDF84701C2AA91200802CFD /* PocketPortfolio.app */,
			);
			name = Products;
			path = ..;
			sourceTree = "<group>";
		};
		4BE131BC1BCD513E00417DCD /* Resources */ = {
			isa = PBXGroup;
			children = (
				4BE131BA1BCD513200417DCD /* Roboto-Regular.ttf */,
			);
			name = Resources;
			sourceTree = "<group>";
		};
		CD290B20CEA63BC09AA3D3A2 /* Pods */ = {
			isa = PBXGroup;
			children = (
				B0CB709B3B4E4B384FB08571 /* Pods-PocketPortfolio.debug.xcconfig */,
				C6505404D69DA410749054DB /* Pods-PocketPortfolio.release.xcconfig */,
			);
			name = Pods;
			sourceTree = "<group>";
		};
/* End PBXGroup section */

/* Begin PBXNativeTarget section */
		4BDC40A91BC2C2D400B928FA /* PocketPortfolio */ = {
			isa = PBXNativeTarget;
			buildConfigurationList = 4BDC40BE1BC2C2D400B928FA /* Build configuration list for PBXNativeTarget "PocketPortfolio" */;
			buildPhases = (
				267DD79A8F7707B645E9A44D /* [CP] Check Pods Manifest.lock */,
				4B9A97D31E6EF8F5000F9488 /* SwiftLint */,
				4BDC40A61BC2C2D400B928FA /* Sources */,
				4BDC40A71BC2C2D400B928FA /* Frameworks */,
				4BDC40A81BC2C2D400B928FA /* Resources */,
				4BDFDE8B1BFCB5D4003A82DD /* Embed Frameworks */,
				6D0B5024F5F0C127BCD7F519 /* [CP] Embed Pods Frameworks */,
				88D8B743648C02B197B3F8A7 /* [CP] Copy Pods Resources */,
				4BDFE0031C2844E9005EA358 /* Strip Simulator Slices Script */,
				4B9A325A1E6D98F9009034A6 /* Increment Build Number Script */,
			);
			buildRules = (
			);
			dependencies = (
			);
			name = PocketPortfolio;
			productName = TradableExampleApp;
			productReference = 4BDF84701C2AA91200802CFD /* PocketPortfolio.app */;
			productType = "com.apple.product-type.application";
		};
/* End PBXNativeTarget section */

/* Begin PBXProject section */
		4BDC40A21BC2C2D400B928FA /* Project object */ = {
			isa = PBXProject;
			attributes = {
				LastUpgradeCheck = 0900;
				ORGANIZATIONNAME = "Tradable ApS";
				TargetAttributes = {
					4BDC40A91BC2C2D400B928FA = {
						CreatedOnToolsVersion = 7.0;
						DevelopmentTeam = 83RR8433N3;
						LastSwiftMigration = 0820;
						ProvisioningStyle = Automatic;
					};
				};
			};
			buildConfigurationList = 4BDC40A51BC2C2D400B928FA /* Build configuration list for PBXProject "PocketPortfolio" */;
			compatibilityVersion = "Xcode 3.2";
			developmentRegion = English;
			hasScannedForEncodings = 0;
			knownRegions = (
				en,
				Base,
			);
			mainGroup = 4BDC40A11BC2C2D400B928FA;
			productRefGroup = 4BDC40A11BC2C2D400B928FA;
			projectDirPath = "";
			projectRoot = "";
			targets = (
				4BDC40A91BC2C2D400B928FA /* PocketPortfolio */,
			);
		};
/* End PBXProject section */

/* Begin PBXResourcesBuildPhase section */
		4BDC40A81BC2C2D400B928FA /* Resources */ = {
			isa = PBXResourcesBuildPhase;
			buildActionMask = 2147483647;
			files = (
				4BDC40BA1BC2C2D400B928FA /* LaunchScreen.storyboard in Resources */,
				4BDD4D3F1BCE9B1100119C03 /* OrderView.xib in Resources */,
				4BDD4D391BCE587D00119C03 /* PositionView.xib in Resources */,
				4BDC40B71BC2C2D400B928FA /* Assets.xcassets in Resources */,
				4B785E1E1F5D57E600BB92D2 /* ChartMarker.xib in Resources */,
				4BE131BB1BCD513200417DCD /* Roboto-Regular.ttf in Resources */,
				4B0D82541C08A0D60028C822 /* ClosedPositionView.xib in Resources */,
				4BDC40B51BC2C2D400B928FA /* Main.storyboard in Resources */,
			);
			runOnlyForDeploymentPostprocessing = 0;
		};
/* End PBXResourcesBuildPhase section */

/* Begin PBXShellScriptBuildPhase section */
		267DD79A8F7707B645E9A44D /* [CP] Check Pods Manifest.lock */ = {
			isa = PBXShellScriptBuildPhase;
			buildActionMask = 2147483647;
			files = (
			);
			inputPaths = (
				"${PODS_PODFILE_DIR_PATH}/Podfile.lock",
				"${PODS_ROOT}/Manifest.lock",
			);
			name = "[CP] Check Pods Manifest.lock";
			outputPaths = (
				"$(DERIVED_FILE_DIR)/Pods-PocketPortfolio-checkManifestLockResult.txt",
			);
			runOnlyForDeploymentPostprocessing = 0;
			shellPath = /bin/sh;
			shellScript = "diff \"${PODS_PODFILE_DIR_PATH}/Podfile.lock\" \"${PODS_ROOT}/Manifest.lock\" > /dev/null\nif [ $? != 0 ] ; then\n    # print error to STDERR\n    echo \"error: The sandbox is not in sync with the Podfile.lock. Run 'pod install' or update your CocoaPods installation.\" >&2\n    exit 1\nfi\n# This output is used by Xcode 'outputs' to avoid re-running this script phase.\necho \"SUCCESS\" > \"${SCRIPT_OUTPUT_FILE_0}\"\n";
			showEnvVarsInLog = 0;
		};
		4B9A325A1E6D98F9009034A6 /* Increment Build Number Script */ = {
			isa = PBXShellScriptBuildPhase;
			buildActionMask = 2147483647;
			files = (
			);
			inputPaths = (
			);
			name = "Increment Build Number Script";
			outputPaths = (
			);
			runOnlyForDeploymentPostprocessing = 0;
			shellPath = /bin/sh;
			shellScript = "#https://jellystyle.com/2015/07/versioning-with-xcode\nplist=${INFOPLIST_FILE}\n\nbuildNumber=$(/usr/libexec/PlistBuddy -c \"Print CFBundleVersion\" \"${INFOPLIST_FILE}\")\nbuildNumber=$(($buildNumber + 1))\n/usr/libexec/PlistBuddy -c \"Set :CFBundleVersion $buildNumber\" \"${INFOPLIST_FILE}\"";
		};
		4B9A97D31E6EF8F5000F9488 /* SwiftLint */ = {
			isa = PBXShellScriptBuildPhase;
			buildActionMask = 2147483647;
			files = (
			);
			inputPaths = (
			);
			name = SwiftLint;
			outputPaths = (
			);
			runOnlyForDeploymentPostprocessing = 0;
			shellPath = /bin/sh;
			shellScript = "\"${PODS_ROOT}/SwiftLint/swiftlint\"";
		};
		4BDFE0031C2844E9005EA358 /* Strip Simulator Slices Script */ = {
			isa = PBXShellScriptBuildPhase;
			buildActionMask = 2147483647;
			files = (
			);
			inputPaths = (
			);
			name = "Strip Simulator Slices Script";
			outputPaths = (
			);
			runOnlyForDeploymentPostprocessing = 0;
			shellPath = /bin/sh;
			shellScript = "# taken from http://ikennd.ac/blog/2015/02/stripping-unwanted-architectures-from-dynamic-libraries-in-xcode/\n\nAPP_PATH=\"${TARGET_BUILD_DIR}/${WRAPPER_NAME}\"\n\n# This script loops through the frameworks embedded in the application and\n# removes unused architectures.\nfind \"$APP_PATH\" -name 'TradableAPI.framework' -type d | while read -r FRAMEWORK\ndo\n    FRAMEWORK_EXECUTABLE_NAME=$(defaults read \"$FRAMEWORK/Info.plist\" CFBundleExecutable)\n    FRAMEWORK_EXECUTABLE_PATH=\"$FRAMEWORK/$FRAMEWORK_EXECUTABLE_NAME\"\n    echo \"Executable is $FRAMEWORK_EXECUTABLE_PATH\"\n\n    EXTRACTED_ARCHS=()\n\n    for ARCH in $ARCHS\n    do\n        echo \"Extracting $ARCH from $FRAMEWORK_EXECUTABLE_NAME\"\n        lipo -extract \"$ARCH\" \"$FRAMEWORK_EXECUTABLE_PATH\" -o \"$FRAMEWORK_EXECUTABLE_PATH-$ARCH\"\n        EXTRACTED_ARCHS+=(\"$FRAMEWORK_EXECUTABLE_PATH-$ARCH\")\n    done\n\n    echo \"Merging extracted architectures: ${ARCHS}\"\n    lipo -o \"$FRAMEWORK_EXECUTABLE_PATH-merged\" -create \"${EXTRACTED_ARCHS[@]}\"\n    rm \"${EXTRACTED_ARCHS[@]}\"\n\n    echo \"Replacing original executable with thinned version\"\n    rm \"$FRAMEWORK_EXECUTABLE_PATH\"\n    mv \"$FRAMEWORK_EXECUTABLE_PATH-merged\" \"$FRAMEWORK_EXECUTABLE_PATH\"\n\ndone";
		};
		6D0B5024F5F0C127BCD7F519 /* [CP] Embed Pods Frameworks */ = {
			isa = PBXShellScriptBuildPhase;
			buildActionMask = 2147483647;
			files = (
			);
			inputPaths = (
				"${SRCROOT}/Pods/Target Support Files/Pods-PocketPortfolio/Pods-PocketPortfolio-frameworks.sh",
				"${BUILT_PRODUCTS_DIR}/Alamofire/Alamofire.framework",
				"${BUILT_PRODUCTS_DIR}/Charts/Charts.framework",
				"${BUILT_PRODUCTS_DIR}/SwiftKeychainWrapper/SwiftKeychainWrapper.framework",
				"${BUILT_PRODUCTS_DIR}/SwiftyJSON/SwiftyJSON.framework",
			);
			name = "[CP] Embed Pods Frameworks";
			outputPaths = (
				"${TARGET_BUILD_DIR}/${FRAMEWORKS_FOLDER_PATH}/Alamofire.framework",
				"${TARGET_BUILD_DIR}/${FRAMEWORKS_FOLDER_PATH}/Charts.framework",
				"${TARGET_BUILD_DIR}/${FRAMEWORKS_FOLDER_PATH}/SwiftKeychainWrapper.framework",
				"${TARGET_BUILD_DIR}/${FRAMEWORKS_FOLDER_PATH}/SwiftyJSON.framework",
			);
			runOnlyForDeploymentPostprocessing = 0;
			shellPath = /bin/sh;
			shellScript = "\"${SRCROOT}/Pods/Target Support Files/Pods-PocketPortfolio/Pods-PocketPortfolio-frameworks.sh\"\n";
			showEnvVarsInLog = 0;
		};
		88D8B743648C02B197B3F8A7 /* [CP] Copy Pods Resources */ = {
			isa = PBXShellScriptBuildPhase;
			buildActionMask = 2147483647;
			files = (
			);
			inputPaths = (
			);
			name = "[CP] Copy Pods Resources";
			outputPaths = (
			);
			runOnlyForDeploymentPostprocessing = 0;
			shellPath = /bin/sh;
			shellScript = "\"${SRCROOT}/Pods/Target Support Files/Pods-PocketPortfolio/Pods-PocketPortfolio-resources.sh\"\n";
			showEnvVarsInLog = 0;
		};
/* End PBXShellScriptBuildPhase section */

/* Begin PBXSourcesBuildPhase section */
		4BDC40A61BC2C2D400B928FA /* Sources */ = {
			isa = PBXSourcesBuildPhase;
			buildActionMask = 2147483647;
			files = (
				4BE0608C1BC3CC2900D06D40 /* AccountViewController.swift in Sources */,
				4BDBA0301BC695A7006719C0 /* PortfolioView.swift in Sources */,
				4BB803391E72E9B900F87F1F /* AggregationViewController.swift in Sources */,
				4BDC40B21BC2C2D400B928FA /* PortfolioViewController.swift in Sources */,
				4B0D82521C08A0C00028C822 /* ClosedPositionView.swift in Sources */,
				4BDBA0321BC69804006719C0 /* OrderView.swift in Sources */,
				4BDE6FE31BC54924001BB342 /* AccountSelector.swift in Sources */,
				4BDC40AE1BC2C2D400B928FA /* AppDelegate.swift in Sources */,
				4BE131B91BCD10A200417DCD /* PortfolioNavController.swift in Sources */,
				4BE060901BC3D71D00D06D40 /* Extensions.swift in Sources */,
				4BDBA02E1BC68838006719C0 /* PositionView.swift in Sources */,
				4BDBA0231BC65531006719C0 /* AccountCell.swift in Sources */,
				4BE0DF1B1BD122D200E85E79 /* HistoryNavController.swift in Sources */,
				4BDD4D351BCE3E6000119C03 /* AccountNavController.swift in Sources */,
				4BDE6F6D1BC5138F001BB342 /* ViewController.swift in Sources */,
				4B1E0F881F584D0700C79366 /* ChartMarker.swift in Sources */,
				4BE060921BC3FA7700D06D40 /* WatchlistCell.swift in Sources */,
				4BE060881BC3C9E800D06D40 /* TradeViewController.swift in Sources */,
				4BEACF651BCFB41F00C67A1B /* PortfolioViewDelegate.swift in Sources */,
				4BE0608E1BC3CF5B00D06D40 /* TabBarController.swift in Sources */,
				4BDC40B01BC2C2D400B928FA /* WatchlistViewController.swift in Sources */,
				4BE0608A1BC3CC1D00D06D40 /* HistoryViewController.swift in Sources */,
				4BE08DB01BC7C70500CCF61B /* WatchlistNavController.swift in Sources */,
			);
			runOnlyForDeploymentPostprocessing = 0;
		};
/* End PBXSourcesBuildPhase section */

/* Begin PBXVariantGroup section */
		4BDC40B31BC2C2D400B928FA /* Main.storyboard */ = {
			isa = PBXVariantGroup;
			children = (
				4BDC40B41BC2C2D400B928FA /* Base */,
			);
			name = Main.storyboard;
			sourceTree = "<group>";
		};
		4BDC40B81BC2C2D400B928FA /* LaunchScreen.storyboard */ = {
			isa = PBXVariantGroup;
			children = (
				4BDC40B91BC2C2D400B928FA /* Base */,
			);
			name = LaunchScreen.storyboard;
			sourceTree = "<group>";
		};
/* End PBXVariantGroup section */

/* Begin XCBuildConfiguration section */
		4BDC40BC1BC2C2D400B928FA /* Debug */ = {
			isa = XCBuildConfiguration;
			buildSettings = {
				ALWAYS_SEARCH_USER_PATHS = NO;
				CLANG_CXX_LANGUAGE_STANDARD = "gnu++0x";
				CLANG_CXX_LIBRARY = "libc++";
				CLANG_ENABLE_MODULES = YES;
				CLANG_ENABLE_OBJC_ARC = YES;
				CLANG_WARN_BLOCK_CAPTURE_AUTORELEASING = YES;
				CLANG_WARN_BOOL_CONVERSION = YES;
				CLANG_WARN_COMMA = YES;
				CLANG_WARN_CONSTANT_CONVERSION = YES;
				CLANG_WARN_DIRECT_OBJC_ISA_USAGE = YES_ERROR;
				CLANG_WARN_EMPTY_BODY = YES;
				CLANG_WARN_ENUM_CONVERSION = YES;
				CLANG_WARN_INFINITE_RECURSION = YES;
				CLANG_WARN_INT_CONVERSION = YES;
				CLANG_WARN_NON_LITERAL_NULL_CONVERSION = YES;
				CLANG_WARN_OBJC_LITERAL_CONVERSION = YES;
				CLANG_WARN_OBJC_ROOT_CLASS = YES_ERROR;
				CLANG_WARN_RANGE_LOOP_ANALYSIS = YES;
				CLANG_WARN_STRICT_PROTOTYPES = YES;
				CLANG_WARN_SUSPICIOUS_MOVE = YES;
				CLANG_WARN_UNREACHABLE_CODE = YES;
				CLANG_WARN__DUPLICATE_METHOD_MATCH = YES;
				CODE_SIGN_IDENTITY = "";
				"CODE_SIGN_IDENTITY[sdk=iphoneos*]" = "";
				COPY_PHASE_STRIP = NO;
				DEBUG_INFORMATION_FORMAT = "dwarf-with-dsym";
				ENABLE_STRICT_OBJC_MSGSEND = YES;
				ENABLE_TESTABILITY = YES;
				GCC_C_LANGUAGE_STANDARD = gnu99;
				GCC_DYNAMIC_NO_PIC = NO;
				GCC_NO_COMMON_BLOCKS = YES;
				GCC_OPTIMIZATION_LEVEL = 0;
				GCC_PREPROCESSOR_DEFINITIONS = (
					"DEBUG=1",
					"$(inherited)",
				);
				GCC_WARN_64_TO_32_BIT_CONVERSION = YES;
				GCC_WARN_ABOUT_RETURN_TYPE = YES_ERROR;
				GCC_WARN_UNDECLARED_SELECTOR = YES;
				GCC_WARN_UNINITIALIZED_AUTOS = YES_AGGRESSIVE;
				GCC_WARN_UNUSED_FUNCTION = YES;
				GCC_WARN_UNUSED_VARIABLE = YES;
				IPHONEOS_DEPLOYMENT_TARGET = 9.0;
				MTL_ENABLE_DEBUG_INFO = YES;
				ONLY_ACTIVE_ARCH = YES;
				PROVISIONING_PROFILE = "77c59eac-1e35-48a7-81df-48d3c6d6bc9c";
				SDKROOT = iphoneos;
				SWIFT_OPTIMIZATION_LEVEL = "-Onone";
				TARGETED_DEVICE_FAMILY = "1,2";
			};
			name = Debug;
		};
		4BDC40BD1BC2C2D400B928FA /* Release */ = {
			isa = XCBuildConfiguration;
			buildSettings = {
				ALWAYS_SEARCH_USER_PATHS = NO;
				CLANG_CXX_LANGUAGE_STANDARD = "gnu++0x";
				CLANG_CXX_LIBRARY = "libc++";
				CLANG_ENABLE_MODULES = YES;
				CLANG_ENABLE_OBJC_ARC = YES;
				CLANG_WARN_BLOCK_CAPTURE_AUTORELEASING = YES;
				CLANG_WARN_BOOL_CONVERSION = YES;
				CLANG_WARN_COMMA = YES;
				CLANG_WARN_CONSTANT_CONVERSION = YES;
				CLANG_WARN_DIRECT_OBJC_ISA_USAGE = YES_ERROR;
				CLANG_WARN_EMPTY_BODY = YES;
				CLANG_WARN_ENUM_CONVERSION = YES;
				CLANG_WARN_INFINITE_RECURSION = YES;
				CLANG_WARN_INT_CONVERSION = YES;
				CLANG_WARN_NON_LITERAL_NULL_CONVERSION = YES;
				CLANG_WARN_OBJC_LITERAL_CONVERSION = YES;
				CLANG_WARN_OBJC_ROOT_CLASS = YES_ERROR;
				CLANG_WARN_RANGE_LOOP_ANALYSIS = YES;
				CLANG_WARN_STRICT_PROTOTYPES = YES;
				CLANG_WARN_SUSPICIOUS_MOVE = YES;
				CLANG_WARN_UNREACHABLE_CODE = YES;
				CLANG_WARN__DUPLICATE_METHOD_MATCH = YES;
				CODE_SIGN_IDENTITY = "";
				"CODE_SIGN_IDENTITY[sdk=iphoneos*]" = "";
				COPY_PHASE_STRIP = NO;
				DEBUG_INFORMATION_FORMAT = "dwarf-with-dsym";
				ENABLE_NS_ASSERTIONS = NO;
				ENABLE_STRICT_OBJC_MSGSEND = YES;
				GCC_C_LANGUAGE_STANDARD = gnu99;
				GCC_GENERATE_DEBUGGING_SYMBOLS = NO;
				GCC_NO_COMMON_BLOCKS = YES;
				GCC_WARN_64_TO_32_BIT_CONVERSION = YES;
				GCC_WARN_ABOUT_RETURN_TYPE = YES_ERROR;
				GCC_WARN_UNDECLARED_SELECTOR = YES;
				GCC_WARN_UNINITIALIZED_AUTOS = YES_AGGRESSIVE;
				GCC_WARN_UNUSED_FUNCTION = YES;
				GCC_WARN_UNUSED_VARIABLE = YES;
				IPHONEOS_DEPLOYMENT_TARGET = 9.0;
				MTL_ENABLE_DEBUG_INFO = NO;
				PROVISIONING_PROFILE = "77c59eac-1e35-48a7-81df-48d3c6d6bc9c";
				SDKROOT = iphoneos;
				SWIFT_OPTIMIZATION_LEVEL = "-Owholemodule";
				TARGETED_DEVICE_FAMILY = "1,2";
				VALIDATE_PRODUCT = YES;
			};
			name = Release;
		};
		4BDC40BF1BC2C2D400B928FA /* Debug */ = {
			isa = XCBuildConfiguration;
			baseConfigurationReference = B0CB709B3B4E4B384FB08571 /* Pods-PocketPortfolio.debug.xcconfig */;
			buildSettings = {
				ALWAYS_EMBED_SWIFT_STANDARD_LIBRARIES = "$(inherited)";
				ASSETCATALOG_COMPILER_APPICON_NAME = AppIcon;
				CLANG_WARN_OBJC_IMPLICIT_RETAIN_SELF = YES;
				CODE_SIGN_IDENTITY = "iPhone Developer";
				"CODE_SIGN_IDENTITY[sdk=iphoneos*]" = "iPhone Developer";
				DEVELOPMENT_TEAM = 83RR8433N3;
				FRAMEWORK_SEARCH_PATHS = (
					"$(PROJECT_DIR)/Frameworks",
					"$(PROJECT_DIR)",
					"$(inherited)",
				);
				INFOPLIST_FILE = "$(SRCROOT)/PocketPortfolio/Info.plist";
				IPHONEOS_DEPLOYMENT_TARGET = 9.0;
				LD_RUNPATH_SEARCH_PATHS = "$(inherited) @executable_path/Frameworks";
				PRODUCT_BUNDLE_IDENTIFIER = com.tradable.ios.PocketPortfolio;
				PRODUCT_NAME = PocketPortfolio;
				PROVISIONING_PROFILE = "";
				SWIFT_OBJC_BRIDGING_HEADER = "";
				SWIFT_VERSION = 4.0;
				TARGETED_DEVICE_FAMILY = "1,2";
			};
			name = Debug;
		};
		4BDC40C01BC2C2D400B928FA /* Release */ = {
			isa = XCBuildConfiguration;
			baseConfigurationReference = C6505404D69DA410749054DB /* Pods-PocketPortfolio.release.xcconfig */;
			buildSettings = {
				ALWAYS_EMBED_SWIFT_STANDARD_LIBRARIES = "$(inherited)";
				ASSETCATALOG_COMPILER_APPICON_NAME = AppIcon;
				CLANG_WARN_OBJC_IMPLICIT_RETAIN_SELF = YES;
				CODE_SIGN_IDENTITY = "iPhone Developer";
				"CODE_SIGN_IDENTITY[sdk=iphoneos*]" = "iPhone Developer";
				DEVELOPMENT_TEAM = 83RR8433N3;
				FRAMEWORK_SEARCH_PATHS = (
					"$(PROJECT_DIR)/Frameworks",
					"$(PROJECT_DIR)",
					"$(inherited)",
				);
				GCC_GENERATE_DEBUGGING_SYMBOLS = NO;
				INFOPLIST_FILE = "$(SRCROOT)/PocketPortfolio/Info.plist";
				IPHONEOS_DEPLOYMENT_TARGET = 9.0;
				LD_RUNPATH_SEARCH_PATHS = "$(inherited) @executable_path/Frameworks";
				PRODUCT_BUNDLE_IDENTIFIER = com.tradable.ios.PocketPortfolio;
				PRODUCT_NAME = PocketPortfolio;
				PROVISIONING_PROFILE = "";
				SWIFT_OBJC_BRIDGING_HEADER = "";
				SWIFT_VERSION = 4.0;
				TARGETED_DEVICE_FAMILY = "1,2";
			};
			name = Release;
		};
/* End XCBuildConfiguration section */

/* Begin XCConfigurationList section */
		4BDC40A51BC2C2D400B928FA /* Build configuration list for PBXProject "PocketPortfolio" */ = {
			isa = XCConfigurationList;
			buildConfigurations = (
				4BDC40BC1BC2C2D400B928FA /* Debug */,
				4BDC40BD1BC2C2D400B928FA /* Release */,
			);
			defaultConfigurationIsVisible = 0;
			defaultConfigurationName = Release;
		};
		4BDC40BE1BC2C2D400B928FA /* Build configuration list for PBXNativeTarget "PocketPortfolio" */ = {
			isa = XCConfigurationList;
			buildConfigurations = (
				4BDC40BF1BC2C2D400B928FA /* Debug */,
				4BDC40C01BC2C2D400B928FA /* Release */,
			);
			defaultConfigurationIsVisible = 0;
			defaultConfigurationName = Release;
		};
/* End XCConfigurationList section */
	};
	rootObject = 4BDC40A21BC2C2D400B928FA /* Project object */;
}
